{
  "requires": true,
  "lockfileVersion": 1,
  "dependencies": {
    "@angular/router": {
      "version": "7.2.9",
      "resolved": "https://registry.npmjs.org/@angular/router/-/router-7.2.9.tgz",
      "integrity": "sha512-vNk2x6i1iLNQM1KYnRhbC2DJQvNmlu9lVGzcZzRiS7zDT5DFvbiYA1M7ixUlbehLDEGVKlJEZNIdKWErWW8xYw==",
      "requires": {
        "tslib": "^1.9.0"
      }
    },
    "tslib": {
      "version": "1.9.3",
      "resolved": "https://registry.npmjs.org/tslib/-/tslib-1.9.3.tgz",
      "integrity": "sha512-4krF8scpejhaOgqzBEcGM7yDIEfi0/8+8zDRZhNZZ2kjmHJ4hv3zCbQWxoJGz1iw5U0Jl0nma13xzHXcncMavQ=="
    }
  }
}
